
Microsoft Visual Studio Solution File, Format Version 12.00
# Visual Studio 15
VisualStudioVersion = 15.0.27130.2010
MinimumVisualStudioVersion = 10.0.40219.1
Project("{E24C65DC-7377-472B-9ABA-BC803B73C61A}") = "Quartet", "Quartet\", "{3F86471A-AF98-4105-ABBF-EE8E35620BEB}"
	ProjectSection(WebsiteProperties) = preProject
		TargetFrameworkMoniker = ".NETFramework,Version%3Dv4.6.1"
		Debug.AspNetCompiler.VirtualPath = "/localhost_49381"
		Debug.AspNetCompiler.PhysicalPath = "Quartet\"
		Debug.AspNetCompiler.TargetPath = "PrecompiledWeb\localhost_49381\"
		Debug.AspNetCompiler.Updateable = "true"
		Debug.AspNetCompiler.ForceOverwrite = "true"
		Debug.AspNetCompiler.FixedNames = "false"
		Debug.AspNetCompiler.Debug = "True"
		Release.AspNetCompiler.VirtualPath = "/localhost_49381"
		Release.AspNetCompiler.PhysicalPath = "Quartet\"
		Release.AspNetCompiler.TargetPath = "PrecompiledWeb\localhost_49381\"
		Release.AspNetCompiler.Updateable = "true"
		Release.AspNetCompiler.ForceOverwrite = "true"
		Release.AspNetCompiler.FixedNames = "false"
		Release.AspNetCompiler.Debug = "False"
		VWDPort = "49381"
		SlnRelativePath = "Quartet\"
		DefaultWebSiteLanguage = "Visual C#"
	EndProjectSection
EndProject
Global
	GlobalSection(SolutionConfigurationPlatforms) = preSolution
		Debug|Any CPU = Debug|Any CPU
	EndGlobalSection
	GlobalSection(ProjectConfigurationPlatforms) = postSolution
		{3F86471A-AF98-4105-ABBF-EE8E35620BEB}.Debug|Any CPU.ActiveCfg = Debug|Any CPU
		{3F86471A-AF98-4105-ABBF-EE8E35620BEB}.Debug|Any CPU.Build.0 = Debug|Any CPU
	EndGlobalSection
	GlobalSection(SolutionProperties) = preSolution
		HideSolutionNode = FALSE
	EndGlobalSection
	GlobalSection(ExtensibilityGlobals) = postSolution
		SolutionGuid = {F54A576C-958F-4D9B-9B3C-1183A06F9A64}
	EndGlobalSection
EndGlobal
